
Microsoft Visual Studio Solution File, Format Version 12.00
# Visual Studio Version 16
VisualStudioVersion = 16.0.30104.148
MinimumVisualStudioVersion = 10.0.40219.1
Project("{FAE04EC0-301F-11D3-BF4B-00C04F79EFBC}") = "POOS", "POOS\POOS.csproj", "{BB63C3CA-AB58-46FE-AAE4-FE993A75173A}"
EndProject
Global
	GlobalSection(SolutionConfigurationPlatforms) = preSolution
		Debug|Any CPU = Debug|Any CPU
		Release|Any CPU = Release|Any CPU
	EndGlobalSection
	GlobalSection(ProjectConfigurationPlatforms) = postSolution
		{BB63C3CA-AB58-46FE-AAE4-FE993A75173A}.Debug|Any CPU.ActiveCfg = Debug|Any CPU
		{BB63C3CA-AB58-46FE-AAE4-FE993A75173A}.Debug|Any CPU.Build.0 = Debug|Any CPU
		{BB63C3CA-AB58-46FE-AAE4-FE993A75173A}.Release|Any CPU.ActiveCfg = Release|Any CPU
		{BB63C3CA-AB58-46FE-AAE4-FE993A75173A}.Release|Any CPU.Build.0 = Release|Any CPU
	EndGlobalSection
	GlobalSection(SolutionProperties) = preSolution
		HideSolutionNode = FALSE
	EndGlobalSection
	GlobalSection(ExtensibilityGlobals) = postSolution
		SolutionGuid = {E35CD8F5-3EB8-43CA-9387-D6BBAEA1B888}
	EndGlobalSection
EndGlobal
